
Microsoft Visual Studio Solution File, Format Version 12.00
# Visual Studio 15
VisualStudioVersion = 15.0.27130.2010
MinimumVisualStudioVersion = 10.0.40219.1
Project("{FAE04EC0-301F-11D3-BF4B-00C04F79EFBC}") = "RadGridViewTest", "RadGridViewTest\RadGridViewTest.csproj", "{E939E8B2-DC7A-4C6E-BE98-568502FC6BDB}"
EndProject
Global
	GlobalSection(SolutionConfigurationPlatforms) = preSolution
		Debug|Any CPU = Debug|Any CPU
		Release|Any CPU = Release|Any CPU
	EndGlobalSection
	GlobalSection(ProjectConfigurationPlatforms) = postSolution
		{E939E8B2-DC7A-4C6E-BE98-568502FC6BDB}.Debug|Any CPU.ActiveCfg = Debug|Any CPU
		{E939E8B2-DC7A-4C6E-BE98-568502FC6BDB}.Debug|Any CPU.Build.0 = Debug|Any CPU
		{E939E8B2-DC7A-4C6E-BE98-568502FC6BDB}.Release|Any CPU.ActiveCfg = Release|Any CPU
		{E939E8B2-DC7A-4C6E-BE98-568502FC6BDB}.Release|Any CPU.Build.0 = Release|Any CPU
	EndGlobalSection
	GlobalSection(SolutionProperties) = preSolution
		HideSolutionNode = FALSE
	EndGlobalSection
	GlobalSection(ExtensibilityGlobals) = postSolution
		SolutionGuid = {CF62DD83-57E7-49A9-8D62-5C76D497D1AC}
	EndGlobalSection
EndGlobal
